
Microsoft Visual Studio Solution File, Format Version 12.00
Project("{FAE04EC0-301F-11D3-BF4B-00C04F79EFBC}") = "FileManager.Application", "src\FileManager.Application\FileManager.Application.csproj", "{B4B3CF9C-E848-4CE8-953B-C64CC7682143}"
EndProject
Project("{FAE04EC0-301F-11D3-BF4B-00C04F79EFBC}") = "FileManager.Domain", "src\FileManager.Domain\FileManager.Domain.csproj", "{9AE3EB8F-8054-4FD3-8217-EB67889EDFFC}"
EndProject
Project("{FAE04EC0-301F-11D3-BF4B-00C04F79EFBC}") = "FileManager.Infrastructure", "src\FileManager.Infrastructure\FileManager.Infrastructure.csproj", "{8C85668E-1464-4CE1-8675-6DB02FC270DB}"
EndProject
Project("{FAE04EC0-301F-11D3-BF4B-00C04F79EFBC}") = "FileManager.Web", "src\FileManager.Web\FileManager.Web.csproj", "{7CE49EE0-8192-4624-AD6F-9FDE6813D129}"
EndProject
Global
	GlobalSection(SolutionConfigurationPlatforms) = preSolution
		Debug|Any CPU = Debug|Any CPU
		Release|Any CPU = Release|Any CPU
	EndGlobalSection
	GlobalSection(ProjectConfigurationPlatforms) = postSolution
		{B4B3CF9C-E848-4CE8-953B-C64CC7682143}.Debug|Any CPU.ActiveCfg = Debug|Any CPU
		{B4B3CF9C-E848-4CE8-953B-C64CC7682143}.Debug|Any CPU.Build.0 = Debug|Any CPU
		{B4B3CF9C-E848-4CE8-953B-C64CC7682143}.Release|Any CPU.ActiveCfg = Release|Any CPU
		{B4B3CF9C-E848-4CE8-953B-C64CC7682143}.Release|Any CPU.Build.0 = Release|Any CPU
		{9AE3EB8F-8054-4FD3-8217-EB67889EDFFC}.Debug|Any CPU.ActiveCfg = Debug|Any CPU
		{9AE3EB8F-8054-4FD3-8217-EB67889EDFFC}.Debug|Any CPU.Build.0 = Debug|Any CPU
		{9AE3EB8F-8054-4FD3-8217-EB67889EDFFC}.Release|Any CPU.ActiveCfg = Release|Any CPU
		{9AE3EB8F-8054-4FD3-8217-EB67889EDFFC}.Release|Any CPU.Build.0 = Release|Any CPU
		{8C85668E-1464-4CE1-8675-6DB02FC270DB}.Debug|Any CPU.ActiveCfg = Debug|Any CPU
		{8C85668E-1464-4CE1-8675-6DB02FC270DB}.Debug|Any CPU.Build.0 = Debug|Any CPU
		{8C85668E-1464-4CE1-8675-6DB02FC270DB}.Release|Any CPU.ActiveCfg = Release|Any CPU
		{8C85668E-1464-4CE1-8675-6DB02FC270DB}.Release|Any CPU.Build.0 = Release|Any CPU
		{7CE49EE0-8192-4624-AD6F-9FDE6813D129}.Debug|Any CPU.ActiveCfg = Debug|Any CPU
		{7CE49EE0-8192-4624-AD6F-9FDE6813D129}.Debug|Any CPU.Build.0 = Debug|Any CPU
		{7CE49EE0-8192-4624-AD6F-9FDE6813D129}.Release|Any CPU.ActiveCfg = Release|Any CPU
		{7CE49EE0-8192-4624-AD6F-9FDE6813D129}.Release|Any CPU.Build.0 = Release|Any CPU
	EndGlobalSection
EndGlobal
